
Microsoft Visual Studio Solution File, Format Version 12.00
# Visual Studio 2012
Project("{FAE04EC0-301F-11D3-BF4B-00C04F79EFBC}") = "NADACommonCalibrator", "NADACommonCalibrator\NADACommonCalibrator.csproj", "{B1C1FADB-0130-4F36-BD45-96A779FD6AC8}"
EndProject
Project("{FAE04EC0-301F-11D3-BF4B-00C04F79EFBC}") = "NCCCommon", "NCCCommon\NCCCommon.csproj", "{942BD897-A123-4AC7-9255-BDE097DB82F1}"
EndProject
Global
	GlobalSection(SolutionConfigurationPlatforms) = preSolution
		_REMOTE_|Any CPU = _REMOTE_|Any CPU
		BHPP|Any CPU = BHPP|Any CPU
		Debug|Any CPU = Debug|Any CPU
		DJPP|Any CPU = DJPP|Any CPU
		DYK1|Any CPU = DYK1|Any CPU
		HKTCK|Any CPU = HKTCK|Any CPU
		HKTIN|Any CPU = HKTIN|Any CPU
		HMC5|Any CPU = HMC5|Any CPU
		HUCHEMS|Any CPU = HUCHEMS|Any CPU
		KMMG|Any CPU = KMMG|Any CPU
		KOLON|Any CPU = KOLON|Any CPU
		KORI|Any CPU = KORI|Any CPU
		KPS|Any CPU = KPS|Any CPU
		Machining|Any CPU = Machining|Any CPU
		NEXEN|Any CPU = NEXEN|Any CPU
		POSCO|Any CPU = POSCO|Any CPU
		POSCO-4HR|Any CPU = POSCO-4HR|Any CPU
		POSCO-4POL|Any CPU = POSCO-4POL|Any CPU
		POSCO-PRESS|Any CPU = POSCO-PRESS|Any CPU
		QUAKE|Any CPU = QUAKE|Any CPU
		Release|Any CPU = Release|Any CPU
		SODUN|Any CPU = SODUN|Any CPU
		TSICMS|Any CPU = TSICMS|Any CPU
	EndGlobalSection
	GlobalSection(ProjectConfigurationPlatforms) = postSolution
		{B1C1FADB-0130-4F36-BD45-96A779FD6AC8}._REMOTE_|Any CPU.ActiveCfg = Release|Any CPU
		{B1C1FADB-0130-4F36-BD45-96A779FD6AC8}._REMOTE_|Any CPU.Build.0 = Release|Any CPU
		{B1C1FADB-0130-4F36-BD45-96A779FD6AC8}.BHPP|Any CPU.ActiveCfg = Release|Any CPU
		{B1C1FADB-0130-4F36-BD45-96A779FD6AC8}.BHPP|Any CPU.Build.0 = Release|Any CPU
		{B1C1FADB-0130-4F36-BD45-96A779FD6AC8}.Debug|Any CPU.ActiveCfg = Debug|Any CPU
		{B1C1FADB-0130-4F36-BD45-96A779FD6AC8}.Debug|Any CPU.Build.0 = Debug|Any CPU
		{B1C1FADB-0130-4F36-BD45-96A779FD6AC8}.DJPP|Any CPU.ActiveCfg = Debug|Any CPU
		{B1C1FADB-0130-4F36-BD45-96A779FD6AC8}.DJPP|Any CPU.Build.0 = Debug|Any CPU
		{B1C1FADB-0130-4F36-BD45-96A779FD6AC8}.DYK1|Any CPU.ActiveCfg = Debug|Any CPU
		{B1C1FADB-0130-4F36-BD45-96A779FD6AC8}.DYK1|Any CPU.Build.0 = Debug|Any CPU
		{B1C1FADB-0130-4F36-BD45-96A779FD6AC8}.HKTCK|Any CPU.ActiveCfg = Release|Any CPU
		{B1C1FADB-0130-4F36-BD45-96A779FD6AC8}.HKTCK|Any CPU.Build.0 = Release|Any CPU
		{B1C1FADB-0130-4F36-BD45-96A779FD6AC8}.HKTIN|Any CPU.ActiveCfg = Release|Any CPU
		{B1C1FADB-0130-4F36-BD45-96A779FD6AC8}.HKTIN|Any CPU.Build.0 = Release|Any CPU
		{B1C1FADB-0130-4F36-BD45-96A779FD6AC8}.HMC5|Any CPU.ActiveCfg = Release|Any CPU
		{B1C1FADB-0130-4F36-BD45-96A779FD6AC8}.HMC5|Any CPU.Build.0 = Release|Any CPU
		{B1C1FADB-0130-4F36-BD45-96A779FD6AC8}.HUCHEMS|Any CPU.ActiveCfg = Release|Any CPU
		{B1C1FADB-0130-4F36-BD45-96A779FD6AC8}.HUCHEMS|Any CPU.Build.0 = Release|Any CPU
		{B1C1FADB-0130-4F36-BD45-96A779FD6AC8}.KMMG|Any CPU.ActiveCfg = Release|Any CPU
		{B1C1FADB-0130-4F36-BD45-96A779FD6AC8}.KMMG|Any CPU.Build.0 = Release|Any CPU
		{B1C1FADB-0130-4F36-BD45-96A779FD6AC8}.KOLON|Any CPU.ActiveCfg = Release|Any CPU
		{B1C1FADB-0130-4F36-BD45-96A779FD6AC8}.KOLON|Any CPU.Build.0 = Release|Any CPU
		{B1C1FADB-0130-4F36-BD45-96A779FD6AC8}.KORI|Any CPU.ActiveCfg = Release|Any CPU
		{B1C1FADB-0130-4F36-BD45-96A779FD6AC8}.KORI|Any CPU.Build.0 = Release|Any CPU
		{B1C1FADB-0130-4F36-BD45-96A779FD6AC8}.KPS|Any CPU.ActiveCfg = Release|Any CPU
		{B1C1FADB-0130-4F36-BD45-96A779FD6AC8}.KPS|Any CPU.Build.0 = Release|Any CPU
		{B1C1FADB-0130-4F36-BD45-96A779FD6AC8}.Machining|Any CPU.ActiveCfg = Release|Any CPU
		{B1C1FADB-0130-4F36-BD45-96A779FD6AC8}.Machining|Any CPU.Build.0 = Release|Any CPU
		{B1C1FADB-0130-4F36-BD45-96A779FD6AC8}.NEXEN|Any CPU.ActiveCfg = Release|Any CPU
		{B1C1FADB-0130-4F36-BD45-96A779FD6AC8}.NEXEN|Any CPU.Build.0 = Release|Any CPU
		{B1C1FADB-0130-4F36-BD45-96A779FD6AC8}.POSCO|Any CPU.ActiveCfg = Release|Any CPU
		{B1C1FADB-0130-4F36-BD45-96A779FD6AC8}.POSCO|Any CPU.Build.0 = Release|Any CPU
		{B1C1FADB-0130-4F36-BD45-96A779FD6AC8}.POSCO-4HR|Any CPU.ActiveCfg = Release|Any CPU
		{B1C1FADB-0130-4F36-BD45-96A779FD6AC8}.POSCO-4HR|Any CPU.Build.0 = Release|Any CPU
		{B1C1FADB-0130-4F36-BD45-96A779FD6AC8}.POSCO-4POL|Any CPU.ActiveCfg = Release|Any CPU
		{B1C1FADB-0130-4F36-BD45-96A779FD6AC8}.POSCO-4POL|Any CPU.Build.0 = Release|Any CPU
		{B1C1FADB-0130-4F36-BD45-96A779FD6AC8}.POSCO-PRESS|Any CPU.ActiveCfg = Release|Any CPU
		{B1C1FADB-0130-4F36-BD45-96A779FD6AC8}.POSCO-PRESS|Any CPU.Build.0 = Release|Any CPU
		{B1C1FADB-0130-4F36-BD45-96A779FD6AC8}.QUAKE|Any CPU.ActiveCfg = Release|Any CPU
		{B1C1FADB-0130-4F36-BD45-96A779FD6AC8}.QUAKE|Any CPU.Build.0 = Release|Any CPU
		{B1C1FADB-0130-4F36-BD45-96A779FD6AC8}.Release|Any CPU.ActiveCfg = Release|Any CPU
		{B1C1FADB-0130-4F36-BD45-96A779FD6AC8}.Release|Any CPU.Build.0 = Release|Any CPU
		{B1C1FADB-0130-4F36-BD45-96A779FD6AC8}.SODUN|Any CPU.ActiveCfg = Release|Any CPU
		{B1C1FADB-0130-4F36-BD45-96A779FD6AC8}.SODUN|Any CPU.Build.0 = Release|Any CPU
		{B1C1FADB-0130-4F36-BD45-96A779FD6AC8}.TSICMS|Any CPU.ActiveCfg = Release|Any CPU
		{B1C1FADB-0130-4F36-BD45-96A779FD6AC8}.TSICMS|Any CPU.Build.0 = Release|Any CPU
		{942BD897-A123-4AC7-9255-BDE097DB82F1}._REMOTE_|Any CPU.ActiveCfg = Release|Any CPU
		{942BD897-A123-4AC7-9255-BDE097DB82F1}._REMOTE_|Any CPU.Build.0 = Release|Any CPU
		{942BD897-A123-4AC7-9255-BDE097DB82F1}.BHPP|Any CPU.ActiveCfg = Release|Any CPU
		{942BD897-A123-4AC7-9255-BDE097DB82F1}.BHPP|Any CPU.Build.0 = Release|Any CPU
		{942BD897-A123-4AC7-9255-BDE097DB82F1}.Debug|Any CPU.ActiveCfg = Debug|Any CPU
		{942BD897-A123-4AC7-9255-BDE097DB82F1}.Debug|Any CPU.Build.0 = Debug|Any CPU
		{942BD897-A123-4AC7-9255-BDE097DB82F1}.DJPP|Any CPU.ActiveCfg = Debug|Any CPU
		{942BD897-A123-4AC7-9255-BDE097DB82F1}.DJPP|Any CPU.Build.0 = Debug|Any CPU
		{942BD897-A123-4AC7-9255-BDE097DB82F1}.DYK1|Any CPU.ActiveCfg = Debug|Any CPU
		{942BD897-A123-4AC7-9255-BDE097DB82F1}.DYK1|Any CPU.Build.0 = Debug|Any CPU
		{942BD897-A123-4AC7-9255-BDE097DB82F1}.HKTCK|Any CPU.ActiveCfg = Release|Any CPU
		{942BD897-A123-4AC7-9255-BDE097DB82F1}.HKTCK|Any CPU.Build.0 = Release|Any CPU
		{942BD897-A123-4AC7-9255-BDE097DB82F1}.HKTIN|Any CPU.ActiveCfg = Release|Any CPU
		{942BD897-A123-4AC7-9255-BDE097DB82F1}.HKTIN|Any CPU.Build.0 = Release|Any CPU
		{942BD897-A123-4AC7-9255-BDE097DB82F1}.HMC5|Any CPU.ActiveCfg = Release|Any CPU
		{942BD897-A123-4AC7-9255-BDE097DB82F1}.HMC5|Any CPU.Build.0 = Release|Any CPU
		{942BD897-A123-4AC7-9255-BDE097DB82F1}.HUCHEMS|Any CPU.ActiveCfg = Release|Any CPU
		{942BD897-A123-4AC7-9255-BDE097DB82F1}.HUCHEMS|Any CPU.Build.0 = Release|Any CPU
		{942BD897-A123-4AC7-9255-BDE097DB82F1}.KMMG|Any CPU.ActiveCfg = Release|Any CPU
		{942BD897-A123-4AC7-9255-BDE097DB82F1}.KMMG|Any CPU.Build.0 = Release|Any CPU
		{942BD897-A123-4AC7-9255-BDE097DB82F1}.KOLON|Any CPU.ActiveCfg = Release|Any CPU
		{942BD897-A123-4AC7-9255-BDE097DB82F1}.KOLON|Any CPU.Build.0 = Release|Any CPU
		{942BD897-A123-4AC7-9255-BDE097DB82F1}.KORI|Any CPU.ActiveCfg = Release|Any CPU
		{942BD897-A123-4AC7-9255-BDE097DB82F1}.KORI|Any CPU.Build.0 = Release|Any CPU
		{942BD897-A123-4AC7-9255-BDE097DB82F1}.KPS|Any CPU.ActiveCfg = Release|Any CPU
		{942BD897-A123-4AC7-9255-BDE097DB82F1}.KPS|Any CPU.Build.0 = Release|Any CPU
		{942BD897-A123-4AC7-9255-BDE097DB82F1}.Machining|Any CPU.ActiveCfg = Release|Any CPU
		{942BD897-A123-4AC7-9255-BDE097DB82F1}.Machining|Any CPU.Build.0 = Release|Any CPU
		{942BD897-A123-4AC7-9255-BDE097DB82F1}.NEXEN|Any CPU.ActiveCfg = Release|Any CPU
		{942BD897-A123-4AC7-9255-BDE097DB82F1}.NEXEN|Any CPU.Build.0 = Release|Any CPU
		{942BD897-A123-4AC7-9255-BDE097DB82F1}.POSCO|Any CPU.ActiveCfg = Release|Any CPU
		{942BD897-A123-4AC7-9255-BDE097DB82F1}.POSCO|Any CPU.Build.0 = Release|Any CPU
		{942BD897-A123-4AC7-9255-BDE097DB82F1}.POSCO-4HR|Any CPU.ActiveCfg = Release|Any CPU
		{942BD897-A123-4AC7-9255-BDE097DB82F1}.POSCO-4HR|Any CPU.Build.0 = Release|Any CPU
		{942BD897-A123-4AC7-9255-BDE097DB82F1}.POSCO-4POL|Any CPU.ActiveCfg = Release|Any CPU
		{942BD897-A123-4AC7-9255-BDE097DB82F1}.POSCO-4POL|Any CPU.Build.0 = Release|Any CPU
		{942BD897-A123-4AC7-9255-BDE097DB82F1}.POSCO-PRESS|Any CPU.ActiveCfg = Release|Any CPU
		{942BD897-A123-4AC7-9255-BDE097DB82F1}.POSCO-PRESS|Any CPU.Build.0 = Release|Any CPU
		{942BD897-A123-4AC7-9255-BDE097DB82F1}.QUAKE|Any CPU.ActiveCfg = Release|Any CPU
		{942BD897-A123-4AC7-9255-BDE097DB82F1}.QUAKE|Any CPU.Build.0 = Release|Any CPU
		{942BD897-A123-4AC7-9255-BDE097DB82F1}.Release|Any CPU.ActiveCfg = Release|Any CPU
		{942BD897-A123-4AC7-9255-BDE097DB82F1}.Release|Any CPU.Build.0 = Release|Any CPU
		{942BD897-A123-4AC7-9255-BDE097DB82F1}.SODUN|Any CPU.ActiveCfg = Release|Any CPU
		{942BD897-A123-4AC7-9255-BDE097DB82F1}.SODUN|Any CPU.Build.0 = Release|Any CPU
		{942BD897-A123-4AC7-9255-BDE097DB82F1}.TSICMS|Any CPU.ActiveCfg = Release|Any CPU
		{942BD897-A123-4AC7-9255-BDE097DB82F1}.TSICMS|Any CPU.Build.0 = Release|Any CPU
	EndGlobalSection
	GlobalSection(SolutionProperties) = preSolution
		HideSolutionNode = FALSE
	EndGlobalSection
EndGlobal
