
Microsoft Visual Studio Solution File, Format Version 12.00
# Visual Studio 2012
Project("{FAE04EC0-301F-11D3-BF4B-00C04F79EFBC}") = "NADACommonCalibrator", "NADACommonCalibrator\NADACommonCalibrator.csproj", "{B1C1FADB-0130-4F36-BD45-96A779FD6AC8}"
EndProject
Project("{FAE04EC0-301F-11D3-BF4B-00C04F79EFBC}") = "NCCCommon", "NCCCommon\NCCCommon.csproj", "{942BD897-A123-4AC7-9255-BDE097DB82F1}"
EndProject
Global
	GlobalSection(SolutionConfigurationPlatforms) = preSolution
		Debug|Any CPU = Debug|Any CPU
		Release|Any CPU = Release|Any CPU
	EndGlobalSection
	GlobalSection(ProjectConfigurationPlatforms) = postSolution
		{B1C1FADB-0130-4F36-BD45-96A779FD6AC8}.Debug|Any CPU.ActiveCfg = Debug|Any CPU
		{B1C1FADB-0130-4F36-BD45-96A779FD6AC8}.Debug|Any CPU.Build.0 = Debug|Any CPU
		{B1C1FADB-0130-4F36-BD45-96A779FD6AC8}.Release|Any CPU.ActiveCfg = Release|Any CPU
		{B1C1FADB-0130-4F36-BD45-96A779FD6AC8}.Release|Any CPU.Build.0 = Release|Any CPU
		{942BD897-A123-4AC7-9255-BDE097DB82F1}.Debug|Any CPU.ActiveCfg = Debug|Any CPU
		{942BD897-A123-4AC7-9255-BDE097DB82F1}.Debug|Any CPU.Build.0 = Debug|Any CPU
		{942BD897-A123-4AC7-9255-BDE097DB82F1}.Release|Any CPU.ActiveCfg = Release|Any CPU
		{942BD897-A123-4AC7-9255-BDE097DB82F1}.Release|Any CPU.Build.0 = Release|Any CPU
	EndGlobalSection
	GlobalSection(SolutionProperties) = preSolution
		HideSolutionNode = FALSE
	EndGlobalSection
EndGlobal
